{
  "version": 4,
  "terraform_version": "1.8.3",
  "serial": 30,
  "lineage": "182cfcd2-510d-b3d0-b689-4bcd2bcffedd",
  "outputs": {
    "db_sg_id": {
      "value": "sg-00880c8c8618f6d2a",
      "type": "string"
    },
    "ec2_instance_ids": {
      "value": [
        "i-00ab862f72d1a6fcc",
        "i-08d800663a92b0b52"
      ],
      "type": [
        "tuple",
        [
          "string",
          "string"
        ]
      ]
    },
    "ec2_sg_id": {
      "value": "sg-0f10897c303a9a493",
      "type": "string"
    },
    "internet_gateway_id": {
      "value": "igw-0bc3bae1fd40efd9b",
      "type": "string"
    },
    "load_balancer_arn": {
      "value": "arn:aws:elasticloadbalancing:us-east-1:968829721361:loadbalancer/app/ps-application-lb/26433021f3214af1",
      "type": "string"
    },
    "load_balancer_listener_arn": {
      "value": "arn:aws:elasticloadbalancing:us-east-1:968829721361:listener/app/ps-application-lb/26433021f3214af1/0de05b5e6b7fb9a9",
      "type": "string"
    },
    "public_subnet_1_id": {
      "value": "subnet-00f59e88b4b4d0664",
      "type": "string"
    },
    "public_subnet_2_id": {
      "value": "subnet-08f53421539f0dfb9",
      "type": "string"
    },
    "route_table_id": {
      "value": "rtb-02eccaed7d6b44816",
      "type": "string"
    },
    "vpc_id": {
      "value": "vpc-0dc1eb0adbc722839",
      "type": "string"
    }
  },
  "resources": [
    {
      "module": "module.ec2_instances",
      "mode": "managed",
      "type": "aws_instance",
      "name": "main",
      "provider": "provider[\"registry.terraform.io/hashicorp/aws\"]",
      "instances": [
        {
          "index_key": 0,
          "schema_version": 1,
          "attributes": {
            "ami": "ami-06b21ccaeff8cd686",
            "arn": "arn:aws:ec2:us-east-1:968829721361:instance/i-00ab862f72d1a6fcc",
            "associate_public_ip_address": false,
            "availability_zone": "us-east-1a",
            "capacity_reservation_specification": [
              {
                "capacity_reservation_preference": "open",
                "capacity_reservation_target": []
              }
            ],
            "cpu_core_count": 1,
            "cpu_options": [
              {
                "amd_sev_snp": "",
                "core_count": 1,
                "threads_per_core": 2
              }
            ],
            "cpu_threads_per_core": 2,
            "credit_specification": [
              {
                "cpu_credits": "unlimited"
              }
            ],
            "disable_api_stop": false,
            "disable_api_termination": false,
            "ebs_block_device": [],
            "ebs_optimized": false,
            "enclave_options": [
              {
                "enabled": false
              }
            ],
            "ephemeral_block_device": [],
            "get_password_data": false,
            "hibernation": false,
            "host_id": "",
            "host_resource_group_arn": null,
            "iam_instance_profile": "",
            "id": "i-00ab862f72d1a6fcc",
            "instance_initiated_shutdown_behavior": "stop",
            "instance_lifecycle": "",
            "instance_market_options": [],
            "instance_state": "running",
            "instance_type": "t3.micro",
            "ipv6_address_count": 0,
            "ipv6_addresses": [],
            "key_name": "",
            "launch_template": [],
            "maintenance_options": [
              {
                "auto_recovery": "default"
              }
            ],
            "metadata_options": [
              {
                "http_endpoint": "enabled",
                "http_protocol_ipv6": "disabled",
                "http_put_response_hop_limit": 2,
                "http_tokens": "required",
                "instance_metadata_tags": "disabled"
              }
            ],
            "monitoring": false,
            "network_interface": [],
            "outpost_arn": "",
            "password_data": "",
            "placement_group": "",
            "placement_partition_number": 0,
            "primary_network_interface_id": "eni-045d83a165a2db77f",
            "private_dns": "ip-10-0-1-20.ec2.internal",
            "private_dns_name_options": [
              {
                "enable_resource_name_dns_a_record": false,
                "enable_resource_name_dns_aaaa_record": false,
                "hostname_type": "ip-name"
              }
            ],
            "private_ip": "10.0.1.20",
            "public_dns": "",
            "public_ip": "",
            "root_block_device": [
              {
                "delete_on_termination": true,
                "device_name": "/dev/xvda",
                "encrypted": true,
                "iops": 3000,
                "kms_key_id": "arn:aws:kms:us-east-1:968829721361:key/1402bf0e-a2c8-4823-8087-77ce0059d477",
                "tags": {},
                "tags_all": {},
                "throughput": 125,
                "volume_id": "vol-0165e6d0e18beeae6",
                "volume_size": 8,
                "volume_type": "gp3"
              }
            ],
            "secondary_private_ips": [],
            "security_groups": [
              "sg-0f10897c303a9a493"
            ],
            "source_dest_check": true,
            "spot_instance_request_id": "",
            "subnet_id": "subnet-00f59e88b4b4d0664",
            "tags": {
              "Name": "ps-ec2-instance-1"
            },
            "tags_all": {
              "Name": "ps-ec2-instance-1"
            },
            "tenancy": "default",
            "timeouts": null,
            "user_data": "4ad2948ebf59b8de7fe61f98235b28871e815879",
            "user_data_base64": null,
            "user_data_replace_on_change": false,
            "volume_tags": null,
            "vpc_security_group_ids": [
              "sg-0f10897c303a9a493"
            ]
          },
          "sensitive_attributes": [],
          "private": "eyJlMmJmYjczMC1lY2FhLTExZTYtOGY4OC0zNDM2M2JjN2M0YzAiOnsiY3JlYXRlIjo2MDAwMDAwMDAwMDAsImRlbGV0ZSI6MTIwMDAwMDAwMDAwMCwicmVhZCI6OTAwMDAwMDAwMDAwLCJ1cGRhdGUiOjYwMDAwMDAwMDAwMH0sInNjaGVtYV92ZXJzaW9uIjoiMSJ9",
          "dependencies": [
            "module.security_groups.aws_security_group.ec2_sg",
            "module.subnets.aws_subnet.public_1",
            "module.vpc.aws_vpc.main"
          ]
        },
        {
          "index_key": 1,
          "schema_version": 1,
          "attributes": {
            "ami": "ami-06b21ccaeff8cd686",
            "arn": "arn:aws:ec2:us-east-1:968829721361:instance/i-08d800663a92b0b52",
            "associate_public_ip_address": false,
            "availability_zone": "us-east-1a",
            "capacity_reservation_specification": [
              {
                "capacity_reservation_preference": "open",
                "capacity_reservation_target": []
              }
            ],
            "cpu_core_count": 1,
            "cpu_options": [
              {
                "amd_sev_snp": "",
                "core_count": 1,
                "threads_per_core": 2
              }
            ],
            "cpu_threads_per_core": 2,
            "credit_specification": [
              {
                "cpu_credits": "unlimited"
              }
            ],
            "disable_api_stop": false,
            "disable_api_termination": false,
            "ebs_block_device": [],
            "ebs_optimized": false,
            "enclave_options": [
              {
                "enabled": false
              }
            ],
            "ephemeral_block_device": [],
            "get_password_data": false,
            "hibernation": false,
            "host_id": "",
            "host_resource_group_arn": null,
            "iam_instance_profile": "",
            "id": "i-08d800663a92b0b52",
            "instance_initiated_shutdown_behavior": "stop",
            "instance_lifecycle": "",
            "instance_market_options": [],
            "instance_state": "running",
            "instance_type": "t3.micro",
            "ipv6_address_count": 0,
            "ipv6_addresses": [],
            "key_name": "",
            "launch_template": [],
            "maintenance_options": [
              {
                "auto_recovery": "default"
              }
            ],
            "metadata_options": [
              {
                "http_endpoint": "enabled",
                "http_protocol_ipv6": "disabled",
                "http_put_response_hop_limit": 2,
                "http_tokens": "required",
                "instance_metadata_tags": "disabled"
              }
            ],
            "monitoring": false,
            "network_interface": [],
            "outpost_arn": "",
            "password_data": "",
            "placement_group": "",
            "placement_partition_number": 0,
            "primary_network_interface_id": "eni-064da9615cb3dd506",
            "private_dns": "ip-10-0-1-35.ec2.internal",
            "private_dns_name_options": [
              {
                "enable_resource_name_dns_a_record": false,
                "enable_resource_name_dns_aaaa_record": false,
                "hostname_type": "ip-name"
              }
            ],
            "private_ip": "10.0.1.35",
            "public_dns": "",
            "public_ip": "",
            "root_block_device": [
              {
                "delete_on_termination": true,
                "device_name": "/dev/xvda",
                "encrypted": true,
                "iops": 3000,
                "kms_key_id": "arn:aws:kms:us-east-1:968829721361:key/1402bf0e-a2c8-4823-8087-77ce0059d477",
                "tags": {},
                "tags_all": {},
                "throughput": 125,
                "volume_id": "vol-0476fd2817a1b37d0",
                "volume_size": 8,
                "volume_type": "gp3"
              }
            ],
            "secondary_private_ips": [],
            "security_groups": [
              "sg-0f10897c303a9a493"
            ],
            "source_dest_check": true,
            "spot_instance_request_id": "",
            "subnet_id": "subnet-00f59e88b4b4d0664",
            "tags": {
              "Name": "ps-ec2-instance-2"
            },
            "tags_all": {
              "Name": "ps-ec2-instance-2"
            },
            "tenancy": "default",
            "timeouts": null,
            "user_data": "4ad2948ebf59b8de7fe61f98235b28871e815879",
            "user_data_base64": null,
            "user_data_replace_on_change": false,
            "volume_tags": null,
            "vpc_security_group_ids": [
              "sg-0f10897c303a9a493"
            ]
          },
          "sensitive_attributes": [],
          "private": "eyJlMmJmYjczMC1lY2FhLTExZTYtOGY4OC0zNDM2M2JjN2M0YzAiOnsiY3JlYXRlIjo2MDAwMDAwMDAwMDAsImRlbGV0ZSI6MTIwMDAwMDAwMDAwMCwicmVhZCI6OTAwMDAwMDAwMDAwLCJ1cGRhdGUiOjYwMDAwMDAwMDAwMH0sInNjaGVtYV92ZXJzaW9uIjoiMSJ9",
          "dependencies": [
            "module.security_groups.aws_security_group.ec2_sg",
            "module.subnets.aws_subnet.public_1",
            "module.vpc.aws_vpc.main"
          ]
        }
      ]
    },
    {
      "module": "module.internet_gateway",
      "mode": "managed",
      "type": "aws_internet_gateway",
      "name": "main",
      "provider": "provider[\"registry.terraform.io/hashicorp/aws\"]",
      "instances": [
        {
          "schema_version": 0,
          "attributes": {
            "arn": "arn:aws:ec2:us-east-1:968829721361:internet-gateway/igw-0bc3bae1fd40efd9b",
            "id": "igw-0bc3bae1fd40efd9b",
            "owner_id": "968829721361",
            "tags": {
              "Name": "ps-internet-gateway"
            },
            "tags_all": {
              "Name": "ps-internet-gateway"
            },
            "timeouts": null,
            "vpc_id": "vpc-0dc1eb0adbc722839"
          },
          "sensitive_attributes": [],
          "private": "eyJlMmJmYjczMC1lY2FhLTExZTYtOGY4OC0zNDM2M2JjN2M0YzAiOnsiY3JlYXRlIjoxMjAwMDAwMDAwMDAwLCJkZWxldGUiOjEyMDAwMDAwMDAwMDAsInVwZGF0ZSI6MTIwMDAwMDAwMDAwMH19",
          "dependencies": [
            "module.vpc.aws_vpc.main"
          ]
        }
      ]
    },
    {
      "module": "module.load_balancer",
      "mode": "managed",
      "type": "aws_lb",
      "name": "application_lb",
      "provider": "provider[\"registry.terraform.io/hashicorp/aws\"]",
      "instances": [
        {
          "schema_version": 0,
          "attributes": {
            "access_logs": [
              {
                "bucket": "",
                "enabled": false,
                "prefix": ""
              }
            ],
            "arn": "arn:aws:elasticloadbalancing:us-east-1:968829721361:loadbalancer/app/ps-application-lb/26433021f3214af1",
            "arn_suffix": "app/ps-application-lb/26433021f3214af1",
            "client_keep_alive": 3600,
            "connection_logs": [
              {
                "bucket": "",
                "enabled": false,
                "prefix": ""
              }
            ],
            "customer_owned_ipv4_pool": "",
            "desync_mitigation_mode": "defensive",
            "dns_name": "ps-application-lb-1907294834.us-east-1.elb.amazonaws.com",
            "dns_record_client_routing_policy": null,
            "drop_invalid_header_fields": false,
            "enable_cross_zone_load_balancing": true,
            "enable_deletion_protection": false,
            "enable_http2": true,
            "enable_tls_version_and_cipher_suite_headers": false,
            "enable_waf_fail_open": false,
            "enable_xff_client_port": false,
            "enable_zonal_shift": null,
            "enforce_security_group_inbound_rules_on_private_link_traffic": "",
            "id": "arn:aws:elasticloadbalancing:us-east-1:968829721361:loadbalancer/app/ps-application-lb/26433021f3214af1",
            "idle_timeout": 60,
            "internal": false,
            "ip_address_type": "ipv4",
            "load_balancer_type": "application",
            "name": "ps-application-lb",
            "name_prefix": "",
            "preserve_host_header": false,
            "security_groups": [
              "sg-0f10897c303a9a493"
            ],
            "subnet_mapping": [
              {
                "allocation_id": "",
                "ipv6_address": "",
                "outpost_id": "",
                "private_ipv4_address": "",
                "subnet_id": "subnet-00f59e88b4b4d0664"
              },
              {
                "allocation_id": "",
                "ipv6_address": "",
                "outpost_id": "",
                "private_ipv4_address": "",
                "subnet_id": "subnet-08f53421539f0dfb9"
              }
            ],
            "subnets": [
              "subnet-00f59e88b4b4d0664",
              "subnet-08f53421539f0dfb9"
            ],
            "tags": {
              "Name": "ps-application-lb"
            },
            "tags_all": {
              "Name": "ps-application-lb"
            },
            "timeouts": null,
            "vpc_id": "vpc-0dc1eb0adbc722839",
            "xff_header_processing_mode": "append",
            "zone_id": "Z35SXDOTRQ7X7K"
          },
          "sensitive_attributes": [],
          "private": "eyJlMmJmYjczMC1lY2FhLTExZTYtOGY4OC0zNDM2M2JjN2M0YzAiOnsiY3JlYXRlIjo2MDAwMDAwMDAwMDAsImRlbGV0ZSI6NjAwMDAwMDAwMDAwLCJ1cGRhdGUiOjYwMDAwMDAwMDAwMH19",
          "dependencies": [
            "module.security_groups.aws_security_group.ec2_sg",
            "module.subnets.aws_subnet.public_1",
            "module.subnets.aws_subnet.public_2",
            "module.vpc.aws_vpc.main"
          ]
        }
      ]
    },
    {
      "module": "module.load_balancer_listener",
      "mode": "managed",
      "type": "aws_lb_listener",
      "name": "alb_listener",
      "provider": "provider[\"registry.terraform.io/hashicorp/aws\"]",
      "instances": [
        {
          "schema_version": 0,
          "attributes": {
            "alpn_policy": null,
            "arn": "arn:aws:elasticloadbalancing:us-east-1:968829721361:listener/app/ps-application-lb/26433021f3214af1/0de05b5e6b7fb9a9",
            "certificate_arn": null,
            "default_action": [
              {
                "authenticate_cognito": [],
                "authenticate_oidc": [],
                "fixed_response": [],
                "forward": [],
                "order": 1,
                "redirect": [],
                "target_group_arn": "arn:aws:elasticloadbalancing:us-east-1:968829721361:targetgroup/ps-ec2-target-group/27aa879d71d30db0",
                "type": "forward"
              }
            ],
            "id": "arn:aws:elasticloadbalancing:us-east-1:968829721361:listener/app/ps-application-lb/26433021f3214af1/0de05b5e6b7fb9a9",
            "load_balancer_arn": "arn:aws:elasticloadbalancing:us-east-1:968829721361:loadbalancer/app/ps-application-lb/26433021f3214af1",
            "mutual_authentication": [],
            "port": 80,
            "protocol": "HTTP",
            "ssl_policy": "",
            "tags": {},
            "tags_all": {},
            "tcp_idle_timeout_seconds": null,
            "timeouts": null
          },
          "sensitive_attributes": [],
          "private": "eyJlMmJmYjczMC1lY2FhLTExZTYtOGY4OC0zNDM2M2JjN2M0YzAiOnsiY3JlYXRlIjozMDAwMDAwMDAwMDAsInVwZGF0ZSI6MzAwMDAwMDAwMDAwfX0=",
          "dependencies": [
            "module.load_balancer.aws_lb.application_lb",
            "module.load_balancer_listener.aws_lb_target_group.ec2_tg",
            "module.security_groups.aws_security_group.ec2_sg",
            "module.subnets.aws_subnet.public_1",
            "module.subnets.aws_subnet.public_2",
            "module.vpc.aws_vpc.main"
          ]
        }
      ]
    },
    {
      "module": "module.load_balancer_listener",
      "mode": "managed",
      "type": "aws_lb_target_group",
      "name": "ec2_tg",
      "provider": "provider[\"registry.terraform.io/hashicorp/aws\"]",
      "instances": [
        {
          "schema_version": 0,
          "attributes": {
            "arn": "arn:aws:elasticloadbalancing:us-east-1:968829721361:targetgroup/ps-ec2-target-group/27aa879d71d30db0",
            "arn_suffix": "targetgroup/ps-ec2-target-group/27aa879d71d30db0",
            "connection_termination": null,
            "deregistration_delay": "300",
            "health_check": [
              {
                "enabled": true,
                "healthy_threshold": 2,
                "interval": 30,
                "matcher": "200",
                "path": "/",
                "port": "traffic-port",
                "protocol": "HTTP",
                "timeout": 5,
                "unhealthy_threshold": 2
              }
            ],
            "id": "arn:aws:elasticloadbalancing:us-east-1:968829721361:targetgroup/ps-ec2-target-group/27aa879d71d30db0",
            "ip_address_type": "ipv4",
            "lambda_multi_value_headers_enabled": false,
            "load_balancer_arns": [
              "arn:aws:elasticloadbalancing:us-east-1:968829721361:loadbalancer/app/ps-application-lb/26433021f3214af1"
            ],
            "load_balancing_algorithm_type": "round_robin",
            "load_balancing_anomaly_mitigation": "off",
            "load_balancing_cross_zone_enabled": "use_load_balancer_configuration",
            "name": "ps-ec2-target-group",
            "name_prefix": "",
            "port": 80,
            "preserve_client_ip": null,
            "protocol": "HTTP",
            "protocol_version": "HTTP1",
            "proxy_protocol_v2": false,
            "slow_start": 0,
            "stickiness": [
              {
                "cookie_duration": 86400,
                "cookie_name": "",
                "enabled": false,
                "type": "lb_cookie"
              }
            ],
            "tags": {
              "Name": "ps-ec2-target-group"
            },
            "tags_all": {
              "Name": "ps-ec2-target-group"
            },
            "target_failover": [
              {
                "on_deregistration": null,
                "on_unhealthy": null
              }
            ],
            "target_group_health": [
              {
                "dns_failover": [
                  {
                    "minimum_healthy_targets_count": "1",
                    "minimum_healthy_targets_percentage": "off"
                  }
                ],
                "unhealthy_state_routing": [
                  {
                    "minimum_healthy_targets_count": 1,
                    "minimum_healthy_targets_percentage": "off"
                  }
                ]
              }
            ],
            "target_health_state": [
              {
                "enable_unhealthy_connection_termination": null,
                "unhealthy_draining_interval": null
              }
            ],
            "target_type": "instance",
            "vpc_id": "vpc-0dc1eb0adbc722839"
          },
          "sensitive_attributes": [],
          "private": "bnVsbA==",
          "dependencies": [
            "module.vpc.aws_vpc.main"
          ]
        }
      ]
    },
    {
      "module": "module.rds_instance",
      "mode": "managed",
      "type": "aws_db_instance",
      "name": "mysql_db",
      "provider": "provider[\"registry.terraform.io/hashicorp/aws\"]",
      "instances": [
        {
          "status": "tainted",
          "schema_version": 2,
          "attributes": {
            "address": null,
            "allocated_storage": 20,
            "allow_major_version_upgrade": null,
            "apply_immediately": false,
            "arn": null,
            "auto_minor_version_upgrade": true,
            "availability_zone": null,
            "backup_retention_period": null,
            "backup_target": null,
            "backup_window": null,
            "blue_green_update": [],
            "ca_cert_identifier": null,
            "character_set_name": null,
            "copy_tags_to_snapshot": false,
            "custom_iam_instance_profile": null,
            "customer_owned_ip_enabled": null,
            "db_name": null,
            "db_subnet_group_name": "ps-db-subnet-group",
            "dedicated_log_volume": false,
            "delete_automated_backups": true,
            "deletion_protection": null,
            "domain": null,
            "domain_auth_secret_arn": null,
            "domain_dns_ips": null,
            "domain_fqdn": null,
            "domain_iam_role_name": null,
            "domain_ou": null,
            "enabled_cloudwatch_logs_exports": null,
            "endpoint": null,
            "engine": "mysql",
            "engine_lifecycle_support": null,
            "engine_version": null,
            "engine_version_actual": null,
            "final_snapshot_identifier": null,
            "hosted_zone_id": null,
            "iam_database_authentication_enabled": null,
            "id": "db-EMRDWVSJ7UNMEET2I3SFOUYPUQ",
            "identifier": null,
            "identifier_prefix": null,
            "instance_class": "db.t3.micro",
            "iops": null,
            "kms_key_id": null,
            "latest_restorable_time": null,
            "license_model": null,
            "listener_endpoint": null,
            "maintenance_window": null,
            "manage_master_user_password": null,
            "master_user_secret": null,
            "master_user_secret_kms_key_id": null,
            "max_allocated_storage": null,
            "monitoring_interval": 0,
            "monitoring_role_arn": null,
            "multi_az": null,
            "nchar_character_set_name": null,
            "network_type": null,
            "option_group_name": null,
            "parameter_group_name": null,
            "password": "password123",
            "performance_insights_enabled": false,
            "performance_insights_kms_key_id": null,
            "performance_insights_retention_period": null,
            "port": null,
            "publicly_accessible": false,
            "replica_mode": null,
            "replicas": null,
            "replicate_source_db": null,
            "resource_id": null,
            "restore_to_point_in_time": [],
            "s3_import": [],
            "skip_final_snapshot": true,
            "snapshot_identifier": null,
            "status": null,
            "storage_encrypted": null,
            "storage_throughput": null,
            "storage_type": "gp2",
            "tags": {
              "Name": "ps-mysql-db"
            },
            "tags_all": {
              "Name": "ps-mysql-db"
            },
            "timeouts": null,
            "timezone": null,
            "upgrade_storage_config": null,
            "username": "admin",
            "vpc_security_group_ids": []
          },
          "sensitive_attributes": [
            [
              {
                "type": "get_attr",
                "value": "password"
              }
            ]
          ],
          "private": "eyJlMmJmYjczMC1lY2FhLTExZTYtOGY4OC0zNDM2M2JjN2M0YzAiOnsiY3JlYXRlIjoyNDAwMDAwMDAwMDAwLCJkZWxldGUiOjM2MDAwMDAwMDAwMDAsInVwZGF0ZSI6NDgwMDAwMDAwMDAwMH0sInNjaGVtYV92ZXJzaW9uIjoiMiJ9",
          "dependencies": [
            "module.subnets.aws_db_subnet_group.ps_db_subnet_group",
            "module.subnets.aws_subnet.private_1",
            "module.subnets.aws_subnet.private_2",
            "module.vpc.aws_vpc.main"
          ]
        }
      ]
    },
    {
      "module": "module.route_table",
      "mode": "managed",
      "type": "aws_route_table",
      "name": "public",
      "provider": "provider[\"registry.terraform.io/hashicorp/aws\"]",
      "instances": [
        {
          "schema_version": 0,
          "attributes": {
            "arn": "arn:aws:ec2:us-east-1:968829721361:route-table/rtb-02eccaed7d6b44816",
            "id": "rtb-02eccaed7d6b44816",
            "owner_id": "968829721361",
            "propagating_vgws": [],
            "route": [
              {
                "carrier_gateway_id": "",
                "cidr_block": "0.0.0.0/0",
                "core_network_arn": "",
                "destination_prefix_list_id": "",
                "egress_only_gateway_id": "",
                "gateway_id": "igw-0bc3bae1fd40efd9b",
                "ipv6_cidr_block": "",
                "local_gateway_id": "",
                "nat_gateway_id": "",
                "network_interface_id": "",
                "transit_gateway_id": "",
                "vpc_endpoint_id": "",
                "vpc_peering_connection_id": ""
              }
            ],
            "tags": {
              "Name": "ps-public-route-table"
            },
            "tags_all": {
              "Name": "ps-public-route-table"
            },
            "timeouts": null,
            "vpc_id": "vpc-0dc1eb0adbc722839"
          },
          "sensitive_attributes": [],
          "private": "eyJlMmJmYjczMC1lY2FhLTExZTYtOGY4OC0zNDM2M2JjN2M0YzAiOnsiY3JlYXRlIjozMDAwMDAwMDAwMDAsImRlbGV0ZSI6MzAwMDAwMDAwMDAwLCJ1cGRhdGUiOjEyMDAwMDAwMDAwMH19",
          "dependencies": [
            "module.internet_gateway.aws_internet_gateway.main",
            "module.vpc.aws_vpc.main"
          ]
        }
      ]
    },
    {
      "module": "module.security_groups",
      "mode": "managed",
      "type": "aws_security_group",
      "name": "db_sg",
      "provider": "provider[\"registry.terraform.io/hashicorp/aws\"]",
      "instances": [
        {
          "schema_version": 1,
          "attributes": {
            "arn": "arn:aws:ec2:us-east-1:968829721361:security-group/sg-00880c8c8618f6d2a",
            "description": "Managed by Terraform",
            "egress": [
              {
                "cidr_blocks": [
                  "0.0.0.0/0"
                ],
                "description": "",
                "from_port": 0,
                "ipv6_cidr_blocks": [],
                "prefix_list_ids": [],
                "protocol": "-1",
                "security_groups": [],
                "self": false,
                "to_port": 0
              }
            ],
            "id": "sg-00880c8c8618f6d2a",
            "ingress": [
              {
                "cidr_blocks": [
                  "10.0.5.0/24"
                ],
                "description": "",
                "from_port": 3306,
                "ipv6_cidr_blocks": [],
                "prefix_list_ids": [],
                "protocol": "tcp",
                "security_groups": [],
                "self": false,
                "to_port": 3306
              }
            ],
            "name": "terraform-20241104170446621800000003",
            "name_prefix": "terraform-",
            "owner_id": "968829721361",
            "revoke_rules_on_delete": false,
            "tags": {
              "Name": "ps-db-security-group"
            },
            "tags_all": {
              "Name": "ps-db-security-group"
            },
            "timeouts": null,
            "vpc_id": "vpc-0dc1eb0adbc722839"
          },
          "sensitive_attributes": [],
          "private": "eyJlMmJmYjczMC1lY2FhLTExZTYtOGY4OC0zNDM2M2JjN2M0YzAiOnsiY3JlYXRlIjo2MDAwMDAwMDAwMDAsImRlbGV0ZSI6OTAwMDAwMDAwMDAwfSwic2NoZW1hX3ZlcnNpb24iOiIxIn0=",
          "dependencies": [
            "module.subnets.aws_subnet.private_1",
            "module.vpc.aws_vpc.main"
          ]
        }
      ]
    },
    {
      "module": "module.security_groups",
      "mode": "managed",
      "type": "aws_security_group",
      "name": "ec2_sg",
      "provider": "provider[\"registry.terraform.io/hashicorp/aws\"]",
      "instances": [
        {
          "schema_version": 1,
          "attributes": {
            "arn": "arn:aws:ec2:us-east-1:968829721361:security-group/sg-0f10897c303a9a493",
            "description": "Managed by Terraform",
            "egress": [
              {
                "cidr_blocks": [
                  "0.0.0.0/0"
                ],
                "description": "",
                "from_port": 0,
                "ipv6_cidr_blocks": [],
                "prefix_list_ids": [],
                "protocol": "-1",
                "security_groups": [],
                "self": false,
                "to_port": 0
              }
            ],
            "id": "sg-0f10897c303a9a493",
            "ingress": [
              {
                "cidr_blocks": [
                  "0.0.0.0/0"
                ],
                "description": "",
                "from_port": 22,
                "ipv6_cidr_blocks": [],
                "prefix_list_ids": [],
                "protocol": "tcp",
                "security_groups": [],
                "self": false,
                "to_port": 22
              }
            ],
            "name": "terraform-20241104170443250400000001",
            "name_prefix": "terraform-",
            "owner_id": "968829721361",
            "revoke_rules_on_delete": false,
            "tags": {
              "Name": "ps-ec2-security-group"
            },
            "tags_all": {
              "Name": "ps-ec2-security-group"
            },
            "timeouts": null,
            "vpc_id": "vpc-0dc1eb0adbc722839"
          },
          "sensitive_attributes": [],
          "private": "eyJlMmJmYjczMC1lY2FhLTExZTYtOGY4OC0zNDM2M2JjN2M0YzAiOnsiY3JlYXRlIjo2MDAwMDAwMDAwMDAsImRlbGV0ZSI6OTAwMDAwMDAwMDAwfSwic2NoZW1hX3ZlcnNpb24iOiIxIn0=",
          "dependencies": [
            "module.vpc.aws_vpc.main"
          ]
        }
      ]
    },
    {
      "module": "module.subnets",
      "mode": "managed",
      "type": "aws_db_subnet_group",
      "name": "ps_db_subnet_group",
      "provider": "provider[\"registry.terraform.io/hashicorp/aws\"]",
      "instances": [
        {
          "schema_version": 0,
          "attributes": {
            "arn": "arn:aws:rds:us-east-1:968829721361:subgrp:ps-db-subnet-group",
            "description": "Managed by Terraform",
            "id": "ps-db-subnet-group",
            "name": "ps-db-subnet-group",
            "name_prefix": "",
            "subnet_ids": [
              "subnet-01b554d7df053d195",
              "subnet-081be6fe6f59ebfed"
            ],
            "supported_network_types": [
              "IPV4"
            ],
            "tags": {
              "Name": "ps-db-subnet-group"
            },
            "tags_all": {
              "Name": "ps-db-subnet-group"
            },
            "vpc_id": "vpc-0dc1eb0adbc722839"
          },
          "sensitive_attributes": [],
          "private": "bnVsbA==",
          "dependencies": [
            "module.subnets.aws_subnet.private_1",
            "module.subnets.aws_subnet.private_2",
            "module.vpc.aws_vpc.main"
          ]
        }
      ]
    },
    {
      "module": "module.subnets",
      "mode": "managed",
      "type": "aws_subnet",
      "name": "private_1",
      "provider": "provider[\"registry.terraform.io/hashicorp/aws\"]",
      "instances": [
        {
          "schema_version": 1,
          "attributes": {
            "arn": "arn:aws:ec2:us-east-1:968829721361:subnet/subnet-01b554d7df053d195",
            "assign_ipv6_address_on_creation": false,
            "availability_zone": "us-east-1a",
            "availability_zone_id": "use1-az2",
            "cidr_block": "10.0.5.0/24",
            "customer_owned_ipv4_pool": "",
            "enable_dns64": false,
            "enable_lni_at_device_index": 0,
            "enable_resource_name_dns_a_record_on_launch": false,
            "enable_resource_name_dns_aaaa_record_on_launch": false,
            "id": "subnet-01b554d7df053d195",
            "ipv6_cidr_block": "",
            "ipv6_cidr_block_association_id": "",
            "ipv6_native": false,
            "map_customer_owned_ip_on_launch": false,
            "map_public_ip_on_launch": false,
            "outpost_arn": "",
            "owner_id": "968829721361",
            "private_dns_hostname_type_on_launch": "ip-name",
            "tags": {
              "Name": "ps-private-subnet-1"
            },
            "tags_all": {
              "Name": "ps-private-subnet-1"
            },
            "timeouts": null,
            "vpc_id": "vpc-0dc1eb0adbc722839"
          },
          "sensitive_attributes": [],
          "private": "eyJlMmJmYjczMC1lY2FhLTExZTYtOGY4OC0zNDM2M2JjN2M0YzAiOnsiY3JlYXRlIjo2MDAwMDAwMDAwMDAsImRlbGV0ZSI6MTIwMDAwMDAwMDAwMH0sInNjaGVtYV92ZXJzaW9uIjoiMSJ9",
          "dependencies": [
            "module.vpc.aws_vpc.main"
          ]
        }
      ]
    },
    {
      "module": "module.subnets",
      "mode": "managed",
      "type": "aws_subnet",
      "name": "private_2",
      "provider": "provider[\"registry.terraform.io/hashicorp/aws\"]",
      "instances": [
        {
          "schema_version": 1,
          "attributes": {
            "arn": "arn:aws:ec2:us-east-1:968829721361:subnet/subnet-081be6fe6f59ebfed",
            "assign_ipv6_address_on_creation": false,
            "availability_zone": "us-east-1b",
            "availability_zone_id": "use1-az4",
            "cidr_block": "10.0.6.0/24",
            "customer_owned_ipv4_pool": "",
            "enable_dns64": false,
            "enable_lni_at_device_index": 0,
            "enable_resource_name_dns_a_record_on_launch": false,
            "enable_resource_name_dns_aaaa_record_on_launch": false,
            "id": "subnet-081be6fe6f59ebfed",
            "ipv6_cidr_block": "",
            "ipv6_cidr_block_association_id": "",
            "ipv6_native": false,
            "map_customer_owned_ip_on_launch": false,
            "map_public_ip_on_launch": false,
            "outpost_arn": "",
            "owner_id": "968829721361",
            "private_dns_hostname_type_on_launch": "ip-name",
            "tags": {
              "Name": "ps-private-subnet-2"
            },
            "tags_all": {
              "Name": "ps-private-subnet-2"
            },
            "timeouts": null,
            "vpc_id": "vpc-0dc1eb0adbc722839"
          },
          "sensitive_attributes": [],
          "private": "eyJlMmJmYjczMC1lY2FhLTExZTYtOGY4OC0zNDM2M2JjN2M0YzAiOnsiY3JlYXRlIjo2MDAwMDAwMDAwMDAsImRlbGV0ZSI6MTIwMDAwMDAwMDAwMH0sInNjaGVtYV92ZXJzaW9uIjoiMSJ9",
          "dependencies": [
            "module.vpc.aws_vpc.main"
          ]
        }
      ]
    },
    {
      "module": "module.subnets",
      "mode": "managed",
      "type": "aws_subnet",
      "name": "public_1",
      "provider": "provider[\"registry.terraform.io/hashicorp/aws\"]",
      "instances": [
        {
          "schema_version": 1,
          "attributes": {
            "arn": "arn:aws:ec2:us-east-1:968829721361:subnet/subnet-00f59e88b4b4d0664",
            "assign_ipv6_address_on_creation": false,
            "availability_zone": "us-east-1a",
            "availability_zone_id": "use1-az2",
            "cidr_block": "10.0.1.0/24",
            "customer_owned_ipv4_pool": "",
            "enable_dns64": false,
            "enable_lni_at_device_index": 0,
            "enable_resource_name_dns_a_record_on_launch": false,
            "enable_resource_name_dns_aaaa_record_on_launch": false,
            "id": "subnet-00f59e88b4b4d0664",
            "ipv6_cidr_block": "",
            "ipv6_cidr_block_association_id": "",
            "ipv6_native": false,
            "map_customer_owned_ip_on_launch": false,
            "map_public_ip_on_launch": false,
            "outpost_arn": "",
            "owner_id": "968829721361",
            "private_dns_hostname_type_on_launch": "ip-name",
            "tags": {
              "Name": "ps-public-subnet-1"
            },
            "tags_all": {
              "Name": "ps-public-subnet-1"
            },
            "timeouts": null,
            "vpc_id": "vpc-0dc1eb0adbc722839"
          },
          "sensitive_attributes": [],
          "private": "eyJlMmJmYjczMC1lY2FhLTExZTYtOGY4OC0zNDM2M2JjN2M0YzAiOnsiY3JlYXRlIjo2MDAwMDAwMDAwMDAsImRlbGV0ZSI6MTIwMDAwMDAwMDAwMH0sInNjaGVtYV92ZXJzaW9uIjoiMSJ9",
          "dependencies": [
            "module.vpc.aws_vpc.main"
          ]
        }
      ]
    },
    {
      "module": "module.subnets",
      "mode": "managed",
      "type": "aws_subnet",
      "name": "public_2",
      "provider": "provider[\"registry.terraform.io/hashicorp/aws\"]",
      "instances": [
        {
          "schema_version": 1,
          "attributes": {
            "arn": "arn:aws:ec2:us-east-1:968829721361:subnet/subnet-08f53421539f0dfb9",
            "assign_ipv6_address_on_creation": false,
            "availability_zone": "us-east-1b",
            "availability_zone_id": "use1-az4",
            "cidr_block": "10.0.2.0/24",
            "customer_owned_ipv4_pool": "",
            "enable_dns64": false,
            "enable_lni_at_device_index": 0,
            "enable_resource_name_dns_a_record_on_launch": false,
            "enable_resource_name_dns_aaaa_record_on_launch": false,
            "id": "subnet-08f53421539f0dfb9",
            "ipv6_cidr_block": "",
            "ipv6_cidr_block_association_id": "",
            "ipv6_native": false,
            "map_customer_owned_ip_on_launch": false,
            "map_public_ip_on_launch": false,
            "outpost_arn": "",
            "owner_id": "968829721361",
            "private_dns_hostname_type_on_launch": "ip-name",
            "tags": {
              "Name": "ps-public-subnet-2"
            },
            "tags_all": {
              "Name": "ps-public-subnet-2"
            },
            "timeouts": null,
            "vpc_id": "vpc-0dc1eb0adbc722839"
          },
          "sensitive_attributes": [],
          "private": "eyJlMmJmYjczMC1lY2FhLTExZTYtOGY4OC0zNDM2M2JjN2M0YzAiOnsiY3JlYXRlIjo2MDAwMDAwMDAwMDAsImRlbGV0ZSI6MTIwMDAwMDAwMDAwMH0sInNjaGVtYV92ZXJzaW9uIjoiMSJ9",
          "dependencies": [
            "module.vpc.aws_vpc.main"
          ]
        }
      ]
    },
    {
      "module": "module.vpc",
      "mode": "managed",
      "type": "aws_vpc",
      "name": "main",
      "provider": "provider[\"registry.terraform.io/hashicorp/aws\"]",
      "instances": [
        {
          "schema_version": 1,
          "attributes": {
            "arn": "arn:aws:ec2:us-east-1:968829721361:vpc/vpc-0dc1eb0adbc722839",
            "assign_generated_ipv6_cidr_block": false,
            "cidr_block": "10.0.0.0/16",
            "default_network_acl_id": "acl-0db2a114bfea05f06",
            "default_route_table_id": "rtb-0ee8e6ea780c84e01",
            "default_security_group_id": "sg-063d1e9a9164b8d34",
            "dhcp_options_id": "dopt-0ad65a3c6551335d7",
            "enable_dns_hostnames": false,
            "enable_dns_support": true,
            "enable_network_address_usage_metrics": false,
            "id": "vpc-0dc1eb0adbc722839",
            "instance_tenancy": "default",
            "ipv4_ipam_pool_id": null,
            "ipv4_netmask_length": null,
            "ipv6_association_id": "",
            "ipv6_cidr_block": "",
            "ipv6_cidr_block_network_border_group": "",
            "ipv6_ipam_pool_id": "",
            "ipv6_netmask_length": 0,
            "main_route_table_id": "rtb-0ee8e6ea780c84e01",
            "owner_id": "968829721361",
            "tags": {
              "Name": "ps-main-vpc"
            },
            "tags_all": {
              "Name": "ps-main-vpc"
            }
          },
          "sensitive_attributes": [],
          "private": "eyJzY2hlbWFfdmVyc2lvbiI6IjEifQ=="
        }
      ]
    }
  ],
  "check_results": null
}
